
Microsoft Visual Studio Solution File, Format Version 12.00
# Visual Studio 15
VisualStudioVersion = 15.0.26124.0
MinimumVisualStudioVersion = 15.0.26124.0
Project("{FAE04EC0-301F-11D3-BF4B-00C04F79EFBC}") = "application", "Api.Application\application.csproj", "{9D344A42-F144-49C9-883F-09B8D8FDCAC5}"
EndProject
Project("{FAE04EC0-301F-11D3-BF4B-00C04F79EFBC}") = "Domain", "Api.Domain\Domain.csproj", "{CA23C472-CAFA-4472-8E91-0C9E1A0F504C}"
EndProject
Project("{FAE04EC0-301F-11D3-BF4B-00C04F79EFBC}") = "CrossCutting", "Api.CrossCutting\CrossCutting.csproj", "{A4294193-5956-447D-91D4-64BC1EF18E4D}"
EndProject
Project("{FAE04EC0-301F-11D3-BF4B-00C04F79EFBC}") = "Data", "Api.Data\Data.csproj", "{1B663922-508C-417E-90D9-CA643AA7EAFF}"
EndProject
Project("{FAE04EC0-301F-11D3-BF4B-00C04F79EFBC}") = "Service", "Api.Service\Service.csproj", "{1C6AC7A5-D671-4E3A-895A-E0021A442E8B}"
EndProject
Project("{FAE04EC0-301F-11D3-BF4B-00C04F79EFBC}") = "Api.Data.Test", "Api.Data.Test\Api.Data.Test.csproj", "{6CA123A1-5E17-4EC9-B45B-7D7F0B10C8BA}"
EndProject
Global
	GlobalSection(SolutionConfigurationPlatforms) = preSolution
		Debug|Any CPU = Debug|Any CPU
		Debug|x64 = Debug|x64
		Debug|x86 = Debug|x86
		Release|Any CPU = Release|Any CPU
		Release|x64 = Release|x64
		Release|x86 = Release|x86
	EndGlobalSection
	GlobalSection(SolutionProperties) = preSolution
		HideSolutionNode = FALSE
	EndGlobalSection
	GlobalSection(ProjectConfigurationPlatforms) = postSolution
		{9D344A42-F144-49C9-883F-09B8D8FDCAC5}.Debug|Any CPU.ActiveCfg = Debug|Any CPU
		{9D344A42-F144-49C9-883F-09B8D8FDCAC5}.Debug|Any CPU.Build.0 = Debug|Any CPU
		{9D344A42-F144-49C9-883F-09B8D8FDCAC5}.Debug|x64.ActiveCfg = Debug|Any CPU
		{9D344A42-F144-49C9-883F-09B8D8FDCAC5}.Debug|x64.Build.0 = Debug|Any CPU
		{9D344A42-F144-49C9-883F-09B8D8FDCAC5}.Debug|x86.ActiveCfg = Debug|Any CPU
		{9D344A42-F144-49C9-883F-09B8D8FDCAC5}.Debug|x86.Build.0 = Debug|Any CPU
		{9D344A42-F144-49C9-883F-09B8D8FDCAC5}.Release|Any CPU.ActiveCfg = Release|Any CPU
		{9D344A42-F144-49C9-883F-09B8D8FDCAC5}.Release|Any CPU.Build.0 = Release|Any CPU
		{9D344A42-F144-49C9-883F-09B8D8FDCAC5}.Release|x64.ActiveCfg = Release|Any CPU
		{9D344A42-F144-49C9-883F-09B8D8FDCAC5}.Release|x64.Build.0 = Release|Any CPU
		{9D344A42-F144-49C9-883F-09B8D8FDCAC5}.Release|x86.ActiveCfg = Release|Any CPU
		{9D344A42-F144-49C9-883F-09B8D8FDCAC5}.Release|x86.Build.0 = Release|Any CPU
		{CA23C472-CAFA-4472-8E91-0C9E1A0F504C}.Debug|Any CPU.ActiveCfg = Debug|Any CPU
		{CA23C472-CAFA-4472-8E91-0C9E1A0F504C}.Debug|Any CPU.Build.0 = Debug|Any CPU
		{CA23C472-CAFA-4472-8E91-0C9E1A0F504C}.Debug|x64.ActiveCfg = Debug|Any CPU
		{CA23C472-CAFA-4472-8E91-0C9E1A0F504C}.Debug|x64.Build.0 = Debug|Any CPU
		{CA23C472-CAFA-4472-8E91-0C9E1A0F504C}.Debug|x86.ActiveCfg = Debug|Any CPU
		{CA23C472-CAFA-4472-8E91-0C9E1A0F504C}.Debug|x86.Build.0 = Debug|Any CPU
		{CA23C472-CAFA-4472-8E91-0C9E1A0F504C}.Release|Any CPU.ActiveCfg = Release|Any CPU
		{CA23C472-CAFA-4472-8E91-0C9E1A0F504C}.Release|Any CPU.Build.0 = Release|Any CPU
		{CA23C472-CAFA-4472-8E91-0C9E1A0F504C}.Release|x64.ActiveCfg = Release|Any CPU
		{CA23C472-CAFA-4472-8E91-0C9E1A0F504C}.Release|x64.Build.0 = Release|Any CPU
		{CA23C472-CAFA-4472-8E91-0C9E1A0F504C}.Release|x86.ActiveCfg = Release|Any CPU
		{CA23C472-CAFA-4472-8E91-0C9E1A0F504C}.Release|x86.Build.0 = Release|Any CPU
		{A4294193-5956-447D-91D4-64BC1EF18E4D}.Debug|Any CPU.ActiveCfg = Debug|Any CPU
		{A4294193-5956-447D-91D4-64BC1EF18E4D}.Debug|Any CPU.Build.0 = Debug|Any CPU
		{A4294193-5956-447D-91D4-64BC1EF18E4D}.Debug|x64.ActiveCfg = Debug|Any CPU
		{A4294193-5956-447D-91D4-64BC1EF18E4D}.Debug|x64.Build.0 = Debug|Any CPU
		{A4294193-5956-447D-91D4-64BC1EF18E4D}.Debug|x86.ActiveCfg = Debug|Any CPU
		{A4294193-5956-447D-91D4-64BC1EF18E4D}.Debug|x86.Build.0 = Debug|Any CPU
		{A4294193-5956-447D-91D4-64BC1EF18E4D}.Release|Any CPU.ActiveCfg = Release|Any CPU
		{A4294193-5956-447D-91D4-64BC1EF18E4D}.Release|Any CPU.Build.0 = Release|Any CPU
		{A4294193-5956-447D-91D4-64BC1EF18E4D}.Release|x64.ActiveCfg = Release|Any CPU
		{A4294193-5956-447D-91D4-64BC1EF18E4D}.Release|x64.Build.0 = Release|Any CPU
		{A4294193-5956-447D-91D4-64BC1EF18E4D}.Release|x86.ActiveCfg = Release|Any CPU
		{A4294193-5956-447D-91D4-64BC1EF18E4D}.Release|x86.Build.0 = Release|Any CPU
		{1B663922-508C-417E-90D9-CA643AA7EAFF}.Debug|Any CPU.ActiveCfg = Debug|Any CPU
		{1B663922-508C-417E-90D9-CA643AA7EAFF}.Debug|Any CPU.Build.0 = Debug|Any CPU
		{1B663922-508C-417E-90D9-CA643AA7EAFF}.Debug|x64.ActiveCfg = Debug|Any CPU
		{1B663922-508C-417E-90D9-CA643AA7EAFF}.Debug|x64.Build.0 = Debug|Any CPU
		{1B663922-508C-417E-90D9-CA643AA7EAFF}.Debug|x86.ActiveCfg = Debug|Any CPU
		{1B663922-508C-417E-90D9-CA643AA7EAFF}.Debug|x86.Build.0 = Debug|Any CPU
		{1B663922-508C-417E-90D9-CA643AA7EAFF}.Release|Any CPU.ActiveCfg = Release|Any CPU
		{1B663922-508C-417E-90D9-CA643AA7EAFF}.Release|Any CPU.Build.0 = Release|Any CPU
		{1B663922-508C-417E-90D9-CA643AA7EAFF}.Release|x64.ActiveCfg = Release|Any CPU
		{1B663922-508C-417E-90D9-CA643AA7EAFF}.Release|x64.Build.0 = Release|Any CPU
		{1B663922-508C-417E-90D9-CA643AA7EAFF}.Release|x86.ActiveCfg = Release|Any CPU
		{1B663922-508C-417E-90D9-CA643AA7EAFF}.Release|x86.Build.0 = Release|Any CPU
		{1C6AC7A5-D671-4E3A-895A-E0021A442E8B}.Debug|Any CPU.ActiveCfg = Debug|Any CPU
		{1C6AC7A5-D671-4E3A-895A-E0021A442E8B}.Debug|Any CPU.Build.0 = Debug|Any CPU
		{1C6AC7A5-D671-4E3A-895A-E0021A442E8B}.Debug|x64.ActiveCfg = Debug|Any CPU
		{1C6AC7A5-D671-4E3A-895A-E0021A442E8B}.Debug|x64.Build.0 = Debug|Any CPU
		{1C6AC7A5-D671-4E3A-895A-E0021A442E8B}.Debug|x86.ActiveCfg = Debug|Any CPU
		{1C6AC7A5-D671-4E3A-895A-E0021A442E8B}.Debug|x86.Build.0 = Debug|Any CPU
		{1C6AC7A5-D671-4E3A-895A-E0021A442E8B}.Release|Any CPU.ActiveCfg = Release|Any CPU
		{1C6AC7A5-D671-4E3A-895A-E0021A442E8B}.Release|Any CPU.Build.0 = Release|Any CPU
		{1C6AC7A5-D671-4E3A-895A-E0021A442E8B}.Release|x64.ActiveCfg = Release|Any CPU
		{1C6AC7A5-D671-4E3A-895A-E0021A442E8B}.Release|x64.Build.0 = Release|Any CPU
		{1C6AC7A5-D671-4E3A-895A-E0021A442E8B}.Release|x86.ActiveCfg = Release|Any CPU
		{1C6AC7A5-D671-4E3A-895A-E0021A442E8B}.Release|x86.Build.0 = Release|Any CPU
		{6CA123A1-5E17-4EC9-B45B-7D7F0B10C8BA}.Debug|Any CPU.ActiveCfg = Debug|Any CPU
		{6CA123A1-5E17-4EC9-B45B-7D7F0B10C8BA}.Debug|Any CPU.Build.0 = Debug|Any CPU
		{6CA123A1-5E17-4EC9-B45B-7D7F0B10C8BA}.Debug|x64.ActiveCfg = Debug|Any CPU
		{6CA123A1-5E17-4EC9-B45B-7D7F0B10C8BA}.Debug|x64.Build.0 = Debug|Any CPU
		{6CA123A1-5E17-4EC9-B45B-7D7F0B10C8BA}.Debug|x86.ActiveCfg = Debug|Any CPU
		{6CA123A1-5E17-4EC9-B45B-7D7F0B10C8BA}.Debug|x86.Build.0 = Debug|Any CPU
		{6CA123A1-5E17-4EC9-B45B-7D7F0B10C8BA}.Release|Any CPU.ActiveCfg = Release|Any CPU
		{6CA123A1-5E17-4EC9-B45B-7D7F0B10C8BA}.Release|Any CPU.Build.0 = Release|Any CPU
		{6CA123A1-5E17-4EC9-B45B-7D7F0B10C8BA}.Release|x64.ActiveCfg = Release|Any CPU
		{6CA123A1-5E17-4EC9-B45B-7D7F0B10C8BA}.Release|x64.Build.0 = Release|Any CPU
		{6CA123A1-5E17-4EC9-B45B-7D7F0B10C8BA}.Release|x86.ActiveCfg = Release|Any CPU
		{6CA123A1-5E17-4EC9-B45B-7D7F0B10C8BA}.Release|x86.Build.0 = Release|Any CPU
	EndGlobalSection
EndGlobal
